
Microsoft Visual Studio Solution File, Format Version 12.00
# Visual Studio Version 17
VisualStudioVersion = 17.12.35527.113
MinimumVisualStudioVersion = 10.0.40219.1
Project("{FAE04EC0-301F-11D3-BF4B-00C04F79EFBC}") = "Docker_Kubernetes.Client", "OAuth2Client\Docker_Kubernetes.Client.csproj", "{5B99FC7C-F8B7-47C9-9804-A5A6394A6B79}"
EndProject
Project("{FAE04EC0-301F-11D3-BF4B-00C04F79EFBC}") = "Docker_Kubernetes.Web.API", "OAuth2.Web.API\Docker_Kubernetes.Web.API.csproj", "{861A2946-9111-4534-A55A-5147CD69D01A}"
EndProject
Global
	GlobalSection(SolutionConfigurationPlatforms) = preSolution
		Debug|Any CPU = Debug|Any CPU
		Release|Any CPU = Release|Any CPU
	EndGlobalSection
	GlobalSection(ProjectConfigurationPlatforms) = postSolution
		{5B99FC7C-F8B7-47C9-9804-A5A6394A6B79}.Debug|Any CPU.ActiveCfg = Debug|Any CPU
		{5B99FC7C-F8B7-47C9-9804-A5A6394A6B79}.Debug|Any CPU.Build.0 = Debug|Any CPU
		{5B99FC7C-F8B7-47C9-9804-A5A6394A6B79}.Release|Any CPU.ActiveCfg = Release|Any CPU
		{5B99FC7C-F8B7-47C9-9804-A5A6394A6B79}.Release|Any CPU.Build.0 = Release|Any CPU
		{861A2946-9111-4534-A55A-5147CD69D01A}.Debug|Any CPU.ActiveCfg = Debug|Any CPU
		{861A2946-9111-4534-A55A-5147CD69D01A}.Debug|Any CPU.Build.0 = Debug|Any CPU
		{861A2946-9111-4534-A55A-5147CD69D01A}.Release|Any CPU.ActiveCfg = Release|Any CPU
		{861A2946-9111-4534-A55A-5147CD69D01A}.Release|Any CPU.Build.0 = Release|Any CPU
	EndGlobalSection
	GlobalSection(SolutionProperties) = preSolution
		HideSolutionNode = FALSE
	EndGlobalSection
EndGlobal
